{
  "version": 4,
  "terraform_version": "0.14.7",
  "serial": 27,
  "lineage": "0bdaf627-647e-3047-3edd-a28237e13d3e",
  "outputs": {},
  "resources": [
    {
      "mode": "managed",
      "type": "azurerm_linux_virtual_machine",
      "name": "myVM",
      "provider": "provider[\"registry.terraform.io/hashicorp/azurerm\"]",
      "instances": [
        {
          "index_key": 0,
          "schema_version": 0,
          "attributes": {
            "additional_capabilities": [],
            "admin_password": null,
            "admin_ssh_key": [
              {
                "public_key": "ssh-rsa AAAAB3NzaC1yc2EAAAADAQABAAACAQDFUCIrxvtCAVoxGo01IzSKYpZZw4Hu+AYzMzSQiZlO6I0gLGVi4aMh6xHYV7o8gigKAS/EH6VtPMQaE6dt+O/hB+Mcqt5LgpRrVP9jWmRCyu8Ff6XG0QjN5wWIVxflLleSL3f8XvbIQVMFdcacSefjI2oHelJRbIuaKpvV7oRu6SvXL7P108jLFAkdE8zG21dFmN1JUTbknh3WPWvOY7X0UKjyWlQotuldI0Chh8C0cgdfwLzp8jY4g6wBu7iQg+jFK71AJfkZCMdXc6jabPkPBKSfoXMdiGccjqv5579owEPBgxW0Vy0UvA9UW4gTzwggvlhqG4jqP/XJfUOOuaIjuUit5VLcxoQfFqEAiclYUi1vVm2Ou3xBeoM7pGKiNmvFBkcw0Iai5aG6j/XQeNRWyU1G3dLAQlH1Iuvm52JoLgzJYy+CiDGR6mP4ZXzXsKEaLfYAO/EhJopV5dLPs3ml2U9myFe8gDaccgfsnf0eHC5R+QUdVhRQakMoNXktH3vio2iCCOS2Mtar6WRh4TFk5DE8v+OQRFwK/hpgIz0P3WmYocWw9M88BJs9tegf6Oz0E+65sHpvn/cjKdSPYhhzgebs03SU8N4D7epKjysiwLjea9YOkY5HqTuqqDH+zjLIlZQD3hQeq+gKKdO2N4845vuZ4O77I/HLO1CgfohAPQ== ansible@master\n",
                "username": "adminUsername"
              }
            ],
            "admin_username": "adminUsername",
            "allow_extension_operations": true,
            "availability_set_id": "",
            "boot_diagnostics": [
              {
                "storage_account_uri": "https://staccountcp2arratepayo.blob.core.windows.net/"
              }
            ],
            "computer_name": "master.azure",
            "custom_data": null,
            "dedicated_host_id": "",
            "disable_password_authentication": true,
            "encryption_at_host_enabled": false,
            "eviction_policy": "",
            "extensions_time_budget": "PT1H30M",
            "id": "/subscriptions/dc8a2b8d-aa6a-4285-8fbb-38482bea3cb5/resourceGroups/kubernetes_rg_arratepayo/providers/Microsoft.Compute/virtualMachines/master.azure",
            "identity": [],
            "location": "westeurope",
            "max_bid_price": -1,
            "name": "master.azure",
            "network_interface_ids": [
              "/subscriptions/dc8a2b8d-aa6a-4285-8fbb-38482bea3cb5/resourceGroups/kubernetes_rg_arratepayo/providers/Microsoft.Network/networkInterfaces/nic-master"
            ],
            "os_disk": [
              {
                "caching": "ReadWrite",
                "diff_disk_settings": [],
                "disk_encryption_set_id": "",
                "disk_size_gb": 30,
                "name": "master.azure_OsDisk_1_b7566580a72f498299deab3e26ee3339",
                "storage_account_type": "Standard_LRS",
                "write_accelerator_enabled": false
              }
            ],
            "plan": [
              {
                "name": "centos-8-stream-free",
                "product": "centos-8-stream-free",
                "publisher": "cognosys"
              }
            ],
            "priority": "Regular",
            "private_ip_address": "10.0.1.10",
            "private_ip_addresses": [
              "10.0.1.10"
            ],
            "provision_vm_agent": true,
            "proximity_placement_group_id": "",
            "public_ip_address": "13.80.248.149",
            "public_ip_addresses": [
              "13.80.248.149"
            ],
            "resource_group_name": "kubernetes_rg_arratepayo",
            "secret": [],
            "size": "Standard_D1_v2",
            "source_image_id": "",
            "source_image_reference": [
              {
                "offer": "centos-8-stream-free",
                "publisher": "cognosys",
                "sku": "centos-8-stream-free",
                "version": "1.2019.0810"
              }
            ],
            "tags": {
              "environment": "CP2"
            },
            "timeouts": null,
            "virtual_machine_id": "e8daf64d-9de7-40bc-ba5e-48a1fe7baee0",
            "virtual_machine_scale_set_id": "",
            "zone": ""
          },
          "sensitive_attributes": [],
          "private": "eyJlMmJmYjczMC1lY2FhLTExZTYtOGY4OC0zNDM2M2JjN2M0YzAiOnsiY3JlYXRlIjoyNzAwMDAwMDAwMDAwLCJkZWxldGUiOjI3MDAwMDAwMDAwMDAsInJlYWQiOjMwMDAwMDAwMDAwMCwidXBkYXRlIjoyNzAwMDAwMDAwMDAwfX0=",
          "dependencies": [
            "azurerm_network_interface.myNic",
            "azurerm_public_ip.myPublicIp",
            "azurerm_resource_group.rg",
            "azurerm_storage_account.stAccount",
            "azurerm_subnet.mySubnet",
            "azurerm_virtual_network.myNet"
          ]
        },
        {
          "index_key": 1,
          "schema_version": 0,
          "attributes": {
            "additional_capabilities": [],
            "admin_password": null,
            "admin_ssh_key": [
              {
                "public_key": "ssh-rsa AAAAB3NzaC1yc2EAAAADAQABAAACAQDFUCIrxvtCAVoxGo01IzSKYpZZw4Hu+AYzMzSQiZlO6I0gLGVi4aMh6xHYV7o8gigKAS/EH6VtPMQaE6dt+O/hB+Mcqt5LgpRrVP9jWmRCyu8Ff6XG0QjN5wWIVxflLleSL3f8XvbIQVMFdcacSefjI2oHelJRbIuaKpvV7oRu6SvXL7P108jLFAkdE8zG21dFmN1JUTbknh3WPWvOY7X0UKjyWlQotuldI0Chh8C0cgdfwLzp8jY4g6wBu7iQg+jFK71AJfkZCMdXc6jabPkPBKSfoXMdiGccjqv5579owEPBgxW0Vy0UvA9UW4gTzwggvlhqG4jqP/XJfUOOuaIjuUit5VLcxoQfFqEAiclYUi1vVm2Ou3xBeoM7pGKiNmvFBkcw0Iai5aG6j/XQeNRWyU1G3dLAQlH1Iuvm52JoLgzJYy+CiDGR6mP4ZXzXsKEaLfYAO/EhJopV5dLPs3ml2U9myFe8gDaccgfsnf0eHC5R+QUdVhRQakMoNXktH3vio2iCCOS2Mtar6WRh4TFk5DE8v+OQRFwK/hpgIz0P3WmYocWw9M88BJs9tegf6Oz0E+65sHpvn/cjKdSPYhhzgebs03SU8N4D7epKjysiwLjea9YOkY5HqTuqqDH+zjLIlZQD3hQeq+gKKdO2N4845vuZ4O77I/HLO1CgfohAPQ== ansible@master\n",
                "username": "adminUsername"
              }
            ],
            "admin_username": "adminUsername",
            "allow_extension_operations": true,
            "availability_set_id": "",
            "boot_diagnostics": [
              {
                "storage_account_uri": "https://staccountcp2arratepayo.blob.core.windows.net/"
              }
            ],
            "computer_name": "nfs.azure",
            "custom_data": null,
            "dedicated_host_id": "",
            "disable_password_authentication": true,
            "encryption_at_host_enabled": false,
            "eviction_policy": "",
            "extensions_time_budget": "PT1H30M",
            "id": "/subscriptions/dc8a2b8d-aa6a-4285-8fbb-38482bea3cb5/resourceGroups/kubernetes_rg_arratepayo/providers/Microsoft.Compute/virtualMachines/nfs.azure",
            "identity": [],
            "location": "westeurope",
            "max_bid_price": -1,
            "name": "nfs.azure",
            "network_interface_ids": [
              "/subscriptions/dc8a2b8d-aa6a-4285-8fbb-38482bea3cb5/resourceGroups/kubernetes_rg_arratepayo/providers/Microsoft.Network/networkInterfaces/nic-nfs"
            ],
            "os_disk": [
              {
                "caching": "ReadWrite",
                "diff_disk_settings": [],
                "disk_encryption_set_id": "",
                "disk_size_gb": 30,
                "name": "nfs.azure_OsDisk_1_418fd6ab8b49425ba52396ca995b58e5",
                "storage_account_type": "Standard_LRS",
                "write_accelerator_enabled": false
              }
            ],
            "plan": [
              {
                "name": "centos-8-stream-free",
                "product": "centos-8-stream-free",
                "publisher": "cognosys"
              }
            ],
            "priority": "Regular",
            "private_ip_address": "10.0.1.11",
            "private_ip_addresses": [
              "10.0.1.11"
            ],
            "provision_vm_agent": true,
            "proximity_placement_group_id": "",
            "public_ip_address": "13.80.247.61",
            "public_ip_addresses": [
              "13.80.247.61"
            ],
            "resource_group_name": "kubernetes_rg_arratepayo",
            "secret": [],
            "size": "Standard_D1_v2",
            "source_image_id": "",
            "source_image_reference": [
              {
                "offer": "centos-8-stream-free",
                "publisher": "cognosys",
                "sku": "centos-8-stream-free",
                "version": "1.2019.0810"
              }
            ],
            "tags": {
              "environment": "CP2"
            },
            "timeouts": null,
            "virtual_machine_id": "7055079d-f697-4059-a4ba-488601df6642",
            "virtual_machine_scale_set_id": "",
            "zone": ""
          },
          "sensitive_attributes": [],
          "private": "eyJlMmJmYjczMC1lY2FhLTExZTYtOGY4OC0zNDM2M2JjN2M0YzAiOnsiY3JlYXRlIjoyNzAwMDAwMDAwMDAwLCJkZWxldGUiOjI3MDAwMDAwMDAwMDAsInJlYWQiOjMwMDAwMDAwMDAwMCwidXBkYXRlIjoyNzAwMDAwMDAwMDAwfX0=",
          "dependencies": [
            "azurerm_network_interface.myNic",
            "azurerm_public_ip.myPublicIp",
            "azurerm_resource_group.rg",
            "azurerm_storage_account.stAccount",
            "azurerm_subnet.mySubnet",
            "azurerm_virtual_network.myNet"
          ]
        },
        {
          "index_key": 2,
          "schema_version": 0,
          "attributes": {
            "additional_capabilities": [],
            "admin_password": null,
            "admin_ssh_key": [
              {
                "public_key": "ssh-rsa AAAAB3NzaC1yc2EAAAADAQABAAACAQDFUCIrxvtCAVoxGo01IzSKYpZZw4Hu+AYzMzSQiZlO6I0gLGVi4aMh6xHYV7o8gigKAS/EH6VtPMQaE6dt+O/hB+Mcqt5LgpRrVP9jWmRCyu8Ff6XG0QjN5wWIVxflLleSL3f8XvbIQVMFdcacSefjI2oHelJRbIuaKpvV7oRu6SvXL7P108jLFAkdE8zG21dFmN1JUTbknh3WPWvOY7X0UKjyWlQotuldI0Chh8C0cgdfwLzp8jY4g6wBu7iQg+jFK71AJfkZCMdXc6jabPkPBKSfoXMdiGccjqv5579owEPBgxW0Vy0UvA9UW4gTzwggvlhqG4jqP/XJfUOOuaIjuUit5VLcxoQfFqEAiclYUi1vVm2Ou3xBeoM7pGKiNmvFBkcw0Iai5aG6j/XQeNRWyU1G3dLAQlH1Iuvm52JoLgzJYy+CiDGR6mP4ZXzXsKEaLfYAO/EhJopV5dLPs3ml2U9myFe8gDaccgfsnf0eHC5R+QUdVhRQakMoNXktH3vio2iCCOS2Mtar6WRh4TFk5DE8v+OQRFwK/hpgIz0P3WmYocWw9M88BJs9tegf6Oz0E+65sHpvn/cjKdSPYhhzgebs03SU8N4D7epKjysiwLjea9YOkY5HqTuqqDH+zjLIlZQD3hQeq+gKKdO2N4845vuZ4O77I/HLO1CgfohAPQ== ansible@master\n",
                "username": "adminUsername"
              }
            ],
            "admin_username": "adminUsername",
            "allow_extension_operations": true,
            "availability_set_id": "",
            "boot_diagnostics": [
              {
                "storage_account_uri": "https://staccountcp2arratepayo.blob.core.windows.net/"
              }
            ],
            "computer_name": "worker01.azure",
            "custom_data": null,
            "dedicated_host_id": "",
            "disable_password_authentication": true,
            "encryption_at_host_enabled": false,
            "eviction_policy": "",
            "extensions_time_budget": "PT1H30M",
            "id": "/subscriptions/dc8a2b8d-aa6a-4285-8fbb-38482bea3cb5/resourceGroups/kubernetes_rg_arratepayo/providers/Microsoft.Compute/virtualMachines/worker01.azure",
            "identity": [],
            "location": "westeurope",
            "max_bid_price": -1,
            "name": "worker01.azure",
            "network_interface_ids": [
              "/subscriptions/dc8a2b8d-aa6a-4285-8fbb-38482bea3cb5/resourceGroups/kubernetes_rg_arratepayo/providers/Microsoft.Network/networkInterfaces/nic-worker01"
            ],
            "os_disk": [
              {
                "caching": "ReadWrite",
                "diff_disk_settings": [],
                "disk_encryption_set_id": "",
                "disk_size_gb": 30,
                "name": "worker01.azure_OsDisk_1_4494aca9e7d74a9095083b0423038dbc",
                "storage_account_type": "Standard_LRS",
                "write_accelerator_enabled": false
              }
            ],
            "plan": [
              {
                "name": "centos-8-stream-free",
                "product": "centos-8-stream-free",
                "publisher": "cognosys"
              }
            ],
            "priority": "Regular",
            "private_ip_address": "10.0.1.12",
            "private_ip_addresses": [
              "10.0.1.12"
            ],
            "provision_vm_agent": true,
            "proximity_placement_group_id": "",
            "public_ip_address": "13.80.253.69",
            "public_ip_addresses": [
              "13.80.253.69"
            ],
            "resource_group_name": "kubernetes_rg_arratepayo",
            "secret": [],
            "size": "Standard_D1_v2",
            "source_image_id": "",
            "source_image_reference": [
              {
                "offer": "centos-8-stream-free",
                "publisher": "cognosys",
                "sku": "centos-8-stream-free",
                "version": "1.2019.0810"
              }
            ],
            "tags": {
              "environment": "CP2"
            },
            "timeouts": null,
            "virtual_machine_id": "f3b1397e-b211-4fda-ad1b-628266bc9e78",
            "virtual_machine_scale_set_id": "",
            "zone": ""
          },
          "sensitive_attributes": [],
          "private": "eyJlMmJmYjczMC1lY2FhLTExZTYtOGY4OC0zNDM2M2JjN2M0YzAiOnsiY3JlYXRlIjoyNzAwMDAwMDAwMDAwLCJkZWxldGUiOjI3MDAwMDAwMDAwMDAsInJlYWQiOjMwMDAwMDAwMDAwMCwidXBkYXRlIjoyNzAwMDAwMDAwMDAwfX0=",
          "dependencies": [
            "azurerm_network_interface.myNic",
            "azurerm_public_ip.myPublicIp",
            "azurerm_resource_group.rg",
            "azurerm_storage_account.stAccount",
            "azurerm_subnet.mySubnet",
            "azurerm_virtual_network.myNet"
          ]
        },
        {
          "index_key": 3,
          "schema_version": 0,
          "attributes": {
            "additional_capabilities": [],
            "admin_password": null,
            "admin_ssh_key": [
              {
                "public_key": "ssh-rsa AAAAB3NzaC1yc2EAAAADAQABAAACAQDFUCIrxvtCAVoxGo01IzSKYpZZw4Hu+AYzMzSQiZlO6I0gLGVi4aMh6xHYV7o8gigKAS/EH6VtPMQaE6dt+O/hB+Mcqt5LgpRrVP9jWmRCyu8Ff6XG0QjN5wWIVxflLleSL3f8XvbIQVMFdcacSefjI2oHelJRbIuaKpvV7oRu6SvXL7P108jLFAkdE8zG21dFmN1JUTbknh3WPWvOY7X0UKjyWlQotuldI0Chh8C0cgdfwLzp8jY4g6wBu7iQg+jFK71AJfkZCMdXc6jabPkPBKSfoXMdiGccjqv5579owEPBgxW0Vy0UvA9UW4gTzwggvlhqG4jqP/XJfUOOuaIjuUit5VLcxoQfFqEAiclYUi1vVm2Ou3xBeoM7pGKiNmvFBkcw0Iai5aG6j/XQeNRWyU1G3dLAQlH1Iuvm52JoLgzJYy+CiDGR6mP4ZXzXsKEaLfYAO/EhJopV5dLPs3ml2U9myFe8gDaccgfsnf0eHC5R+QUdVhRQakMoNXktH3vio2iCCOS2Mtar6WRh4TFk5DE8v+OQRFwK/hpgIz0P3WmYocWw9M88BJs9tegf6Oz0E+65sHpvn/cjKdSPYhhzgebs03SU8N4D7epKjysiwLjea9YOkY5HqTuqqDH+zjLIlZQD3hQeq+gKKdO2N4845vuZ4O77I/HLO1CgfohAPQ== ansible@master\n",
                "username": "adminUsername"
              }
            ],
            "admin_username": "adminUsername",
            "allow_extension_operations": true,
            "availability_set_id": "",
            "boot_diagnostics": [
              {
                "storage_account_uri": "https://staccountcp2arratepayo.blob.core.windows.net/"
              }
            ],
            "computer_name": "worker02.azure",
            "custom_data": null,
            "dedicated_host_id": "",
            "disable_password_authentication": true,
            "encryption_at_host_enabled": false,
            "eviction_policy": "",
            "extensions_time_budget": "PT1H30M",
            "id": "/subscriptions/dc8a2b8d-aa6a-4285-8fbb-38482bea3cb5/resourceGroups/kubernetes_rg_arratepayo/providers/Microsoft.Compute/virtualMachines/worker02.azure",
            "identity": [],
            "location": "westeurope",
            "max_bid_price": -1,
            "name": "worker02.azure",
            "network_interface_ids": [
              "/subscriptions/dc8a2b8d-aa6a-4285-8fbb-38482bea3cb5/resourceGroups/kubernetes_rg_arratepayo/providers/Microsoft.Network/networkInterfaces/nic-worker02"
            ],
            "os_disk": [
              {
                "caching": "ReadWrite",
                "diff_disk_settings": [],
                "disk_encryption_set_id": "",
                "disk_size_gb": 30,
                "name": "worker02.azure_OsDisk_1_cd4a4a0b9f7a495d863406ec7eb6b4e6",
                "storage_account_type": "Standard_LRS",
                "write_accelerator_enabled": false
              }
            ],
            "plan": [
              {
                "name": "centos-8-stream-free",
                "product": "centos-8-stream-free",
                "publisher": "cognosys"
              }
            ],
            "priority": "Regular",
            "private_ip_address": "10.0.1.13",
            "private_ip_addresses": [
              "10.0.1.13"
            ],
            "provision_vm_agent": true,
            "proximity_placement_group_id": "",
            "public_ip_address": "13.80.253.239",
            "public_ip_addresses": [
              "13.80.253.239"
            ],
            "resource_group_name": "kubernetes_rg_arratepayo",
            "secret": [],
            "size": "Standard_D1_v2",
            "source_image_id": "",
            "source_image_reference": [
              {
                "offer": "centos-8-stream-free",
                "publisher": "cognosys",
                "sku": "centos-8-stream-free",
                "version": "1.2019.0810"
              }
            ],
            "tags": {
              "environment": "CP2"
            },
            "timeouts": null,
            "virtual_machine_id": "1a416eac-ad8c-4f39-b44f-e6b2be3707ec",
            "virtual_machine_scale_set_id": "",
            "zone": ""
          },
          "sensitive_attributes": [],
          "private": "eyJlMmJmYjczMC1lY2FhLTExZTYtOGY4OC0zNDM2M2JjN2M0YzAiOnsiY3JlYXRlIjoyNzAwMDAwMDAwMDAwLCJkZWxldGUiOjI3MDAwMDAwMDAwMDAsInJlYWQiOjMwMDAwMDAwMDAwMCwidXBkYXRlIjoyNzAwMDAwMDAwMDAwfX0=",
          "dependencies": [
            "azurerm_network_interface.myNic",
            "azurerm_public_ip.myPublicIp",
            "azurerm_resource_group.rg",
            "azurerm_storage_account.stAccount",
            "azurerm_subnet.mySubnet",
            "azurerm_virtual_network.myNet"
          ]
        }
      ]
    },
    {
      "mode": "managed",
      "type": "azurerm_network_interface",
      "name": "myNic",
      "provider": "provider[\"registry.terraform.io/hashicorp/azurerm\"]",
      "instances": [
        {
          "index_key": 0,
          "schema_version": 0,
          "attributes": {
            "applied_dns_servers": [],
            "dns_servers": [],
            "enable_accelerated_networking": false,
            "enable_ip_forwarding": false,
            "id": "/subscriptions/dc8a2b8d-aa6a-4285-8fbb-38482bea3cb5/resourceGroups/kubernetes_rg_arratepayo/providers/Microsoft.Network/networkInterfaces/nic-master",
            "internal_dns_name_label": "",
            "internal_domain_name_suffix": "o0eo3b3xh23ufmauslsc0nwtae.ax.internal.cloudapp.net",
            "ip_configuration": [
              {
                "name": "ipconf-master",
                "primary": true,
                "private_ip_address": "10.0.1.10",
                "private_ip_address_allocation": "Static",
                "private_ip_address_version": "IPv4",
                "public_ip_address_id": "/subscriptions/dc8a2b8d-aa6a-4285-8fbb-38482bea3cb5/resourceGroups/kubernetes_rg_arratepayo/providers/Microsoft.Network/publicIPAddresses/pubip-master",
                "subnet_id": "/subscriptions/dc8a2b8d-aa6a-4285-8fbb-38482bea3cb5/resourceGroups/kubernetes_rg_arratepayo/providers/Microsoft.Network/virtualNetworks/kubernetesnet/subnets/terraformsubnet"
              }
            ],
            "location": "westeurope",
            "mac_address": "",
            "name": "nic-master",
            "private_ip_address": "10.0.1.10",
            "private_ip_addresses": [
              "10.0.1.10"
            ],
            "resource_group_name": "kubernetes_rg_arratepayo",
            "tags": {
              "environment": "CP2"
            },
            "timeouts": null,
            "virtual_machine_id": ""
          },
          "sensitive_attributes": [],
          "private": "eyJlMmJmYjczMC1lY2FhLTExZTYtOGY4OC0zNDM2M2JjN2M0YzAiOnsiY3JlYXRlIjoxODAwMDAwMDAwMDAwLCJkZWxldGUiOjE4MDAwMDAwMDAwMDAsInJlYWQiOjMwMDAwMDAwMDAwMCwidXBkYXRlIjoxODAwMDAwMDAwMDAwfX0=",
          "dependencies": [
            "azurerm_public_ip.myPublicIp",
            "azurerm_resource_group.rg",
            "azurerm_subnet.mySubnet",
            "azurerm_virtual_network.myNet"
          ]
        },
        {
          "index_key": 1,
          "schema_version": 0,
          "attributes": {
            "applied_dns_servers": [],
            "dns_servers": [],
            "enable_accelerated_networking": false,
            "enable_ip_forwarding": false,
            "id": "/subscriptions/dc8a2b8d-aa6a-4285-8fbb-38482bea3cb5/resourceGroups/kubernetes_rg_arratepayo/providers/Microsoft.Network/networkInterfaces/nic-nfs",
            "internal_dns_name_label": "",
            "internal_domain_name_suffix": "o0eo3b3xh23ufmauslsc0nwtae.ax.internal.cloudapp.net",
            "ip_configuration": [
              {
                "name": "ipconf-nfs",
                "primary": true,
                "private_ip_address": "10.0.1.11",
                "private_ip_address_allocation": "Static",
                "private_ip_address_version": "IPv4",
                "public_ip_address_id": "/subscriptions/dc8a2b8d-aa6a-4285-8fbb-38482bea3cb5/resourceGroups/kubernetes_rg_arratepayo/providers/Microsoft.Network/publicIPAddresses/pubip-nfs",
                "subnet_id": "/subscriptions/dc8a2b8d-aa6a-4285-8fbb-38482bea3cb5/resourceGroups/kubernetes_rg_arratepayo/providers/Microsoft.Network/virtualNetworks/kubernetesnet/subnets/terraformsubnet"
              }
            ],
            "location": "westeurope",
            "mac_address": "",
            "name": "nic-nfs",
            "private_ip_address": "10.0.1.11",
            "private_ip_addresses": [
              "10.0.1.11"
            ],
            "resource_group_name": "kubernetes_rg_arratepayo",
            "tags": {
              "environment": "CP2"
            },
            "timeouts": null,
            "virtual_machine_id": ""
          },
          "sensitive_attributes": [],
          "private": "eyJlMmJmYjczMC1lY2FhLTExZTYtOGY4OC0zNDM2M2JjN2M0YzAiOnsiY3JlYXRlIjoxODAwMDAwMDAwMDAwLCJkZWxldGUiOjE4MDAwMDAwMDAwMDAsInJlYWQiOjMwMDAwMDAwMDAwMCwidXBkYXRlIjoxODAwMDAwMDAwMDAwfX0=",
          "dependencies": [
            "azurerm_public_ip.myPublicIp",
            "azurerm_resource_group.rg",
            "azurerm_subnet.mySubnet",
            "azurerm_virtual_network.myNet"
          ]
        },
        {
          "index_key": 2,
          "schema_version": 0,
          "attributes": {
            "applied_dns_servers": [],
            "dns_servers": [],
            "enable_accelerated_networking": false,
            "enable_ip_forwarding": false,
            "id": "/subscriptions/dc8a2b8d-aa6a-4285-8fbb-38482bea3cb5/resourceGroups/kubernetes_rg_arratepayo/providers/Microsoft.Network/networkInterfaces/nic-worker01",
            "internal_dns_name_label": "",
            "internal_domain_name_suffix": "o0eo3b3xh23ufmauslsc0nwtae.ax.internal.cloudapp.net",
            "ip_configuration": [
              {
                "name": "ipconf-worker01",
                "primary": true,
                "private_ip_address": "10.0.1.12",
                "private_ip_address_allocation": "Static",
                "private_ip_address_version": "IPv4",
                "public_ip_address_id": "/subscriptions/dc8a2b8d-aa6a-4285-8fbb-38482bea3cb5/resourceGroups/kubernetes_rg_arratepayo/providers/Microsoft.Network/publicIPAddresses/pubip-worker01",
                "subnet_id": "/subscriptions/dc8a2b8d-aa6a-4285-8fbb-38482bea3cb5/resourceGroups/kubernetes_rg_arratepayo/providers/Microsoft.Network/virtualNetworks/kubernetesnet/subnets/terraformsubnet"
              }
            ],
            "location": "westeurope",
            "mac_address": "",
            "name": "nic-worker01",
            "private_ip_address": "10.0.1.12",
            "private_ip_addresses": [
              "10.0.1.12"
            ],
            "resource_group_name": "kubernetes_rg_arratepayo",
            "tags": {
              "environment": "CP2"
            },
            "timeouts": null,
            "virtual_machine_id": ""
          },
          "sensitive_attributes": [],
          "private": "eyJlMmJmYjczMC1lY2FhLTExZTYtOGY4OC0zNDM2M2JjN2M0YzAiOnsiY3JlYXRlIjoxODAwMDAwMDAwMDAwLCJkZWxldGUiOjE4MDAwMDAwMDAwMDAsInJlYWQiOjMwMDAwMDAwMDAwMCwidXBkYXRlIjoxODAwMDAwMDAwMDAwfX0=",
          "dependencies": [
            "azurerm_public_ip.myPublicIp",
            "azurerm_resource_group.rg",
            "azurerm_subnet.mySubnet",
            "azurerm_virtual_network.myNet"
          ]
        },
        {
          "index_key": 3,
          "schema_version": 0,
          "attributes": {
            "applied_dns_servers": [],
            "dns_servers": [],
            "enable_accelerated_networking": false,
            "enable_ip_forwarding": false,
            "id": "/subscriptions/dc8a2b8d-aa6a-4285-8fbb-38482bea3cb5/resourceGroups/kubernetes_rg_arratepayo/providers/Microsoft.Network/networkInterfaces/nic-worker02",
            "internal_dns_name_label": "",
            "internal_domain_name_suffix": "o0eo3b3xh23ufmauslsc0nwtae.ax.internal.cloudapp.net",
            "ip_configuration": [
              {
                "name": "ipconf-worker02",
                "primary": true,
                "private_ip_address": "10.0.1.13",
                "private_ip_address_allocation": "Static",
                "private_ip_address_version": "IPv4",
                "public_ip_address_id": "/subscriptions/dc8a2b8d-aa6a-4285-8fbb-38482bea3cb5/resourceGroups/kubernetes_rg_arratepayo/providers/Microsoft.Network/publicIPAddresses/pubip-worker02",
                "subnet_id": "/subscriptions/dc8a2b8d-aa6a-4285-8fbb-38482bea3cb5/resourceGroups/kubernetes_rg_arratepayo/providers/Microsoft.Network/virtualNetworks/kubernetesnet/subnets/terraformsubnet"
              }
            ],
            "location": "westeurope",
            "mac_address": "",
            "name": "nic-worker02",
            "private_ip_address": "10.0.1.13",
            "private_ip_addresses": [
              "10.0.1.13"
            ],
            "resource_group_name": "kubernetes_rg_arratepayo",
            "tags": {
              "environment": "CP2"
            },
            "timeouts": null,
            "virtual_machine_id": ""
          },
          "sensitive_attributes": [],
          "private": "eyJlMmJmYjczMC1lY2FhLTExZTYtOGY4OC0zNDM2M2JjN2M0YzAiOnsiY3JlYXRlIjoxODAwMDAwMDAwMDAwLCJkZWxldGUiOjE4MDAwMDAwMDAwMDAsInJlYWQiOjMwMDAwMDAwMDAwMCwidXBkYXRlIjoxODAwMDAwMDAwMDAwfX0=",
          "dependencies": [
            "azurerm_public_ip.myPublicIp",
            "azurerm_resource_group.rg",
            "azurerm_subnet.mySubnet",
            "azurerm_virtual_network.myNet"
          ]
        }
      ]
    },
    {
      "mode": "managed",
      "type": "azurerm_network_interface_security_group_association",
      "name": "mySecGroupAssociation",
      "provider": "provider[\"registry.terraform.io/hashicorp/azurerm\"]",
      "instances": [
        {
          "index_key": 0,
          "schema_version": 0,
          "attributes": {
            "id": "/subscriptions/dc8a2b8d-aa6a-4285-8fbb-38482bea3cb5/resourceGroups/kubernetes_rg_arratepayo/providers/Microsoft.Network/networkInterfaces/nic-master|/subscriptions/dc8a2b8d-aa6a-4285-8fbb-38482bea3cb5/resourceGroups/kubernetes_rg_arratepayo/providers/Microsoft.Network/networkSecurityGroups/secgroup-master",
            "network_interface_id": "/subscriptions/dc8a2b8d-aa6a-4285-8fbb-38482bea3cb5/resourceGroups/kubernetes_rg_arratepayo/providers/Microsoft.Network/networkInterfaces/nic-master",
            "network_security_group_id": "/subscriptions/dc8a2b8d-aa6a-4285-8fbb-38482bea3cb5/resourceGroups/kubernetes_rg_arratepayo/providers/Microsoft.Network/networkSecurityGroups/secgroup-master",
            "timeouts": null
          },
          "sensitive_attributes": [],
          "private": "eyJlMmJmYjczMC1lY2FhLTExZTYtOGY4OC0zNDM2M2JjN2M0YzAiOnsiY3JlYXRlIjoxODAwMDAwMDAwMDAwLCJkZWxldGUiOjE4MDAwMDAwMDAwMDAsInJlYWQiOjMwMDAwMDAwMDAwMCwidXBkYXRlIjoxODAwMDAwMDAwMDAwfX0=",
          "dependencies": [
            "azurerm_network_interface.myNic",
            "azurerm_network_security_group.mySecGroup",
            "azurerm_public_ip.myPublicIp",
            "azurerm_resource_group.rg",
            "azurerm_subnet.mySubnet",
            "azurerm_virtual_network.myNet"
          ]
        },
        {
          "index_key": 1,
          "schema_version": 0,
          "attributes": {
            "id": "/subscriptions/dc8a2b8d-aa6a-4285-8fbb-38482bea3cb5/resourceGroups/kubernetes_rg_arratepayo/providers/Microsoft.Network/networkInterfaces/nic-nfs|/subscriptions/dc8a2b8d-aa6a-4285-8fbb-38482bea3cb5/resourceGroups/kubernetes_rg_arratepayo/providers/Microsoft.Network/networkSecurityGroups/secgroup-nfs",
            "network_interface_id": "/subscriptions/dc8a2b8d-aa6a-4285-8fbb-38482bea3cb5/resourceGroups/kubernetes_rg_arratepayo/providers/Microsoft.Network/networkInterfaces/nic-nfs",
            "network_security_group_id": "/subscriptions/dc8a2b8d-aa6a-4285-8fbb-38482bea3cb5/resourceGroups/kubernetes_rg_arratepayo/providers/Microsoft.Network/networkSecurityGroups/secgroup-nfs",
            "timeouts": null
          },
          "sensitive_attributes": [],
          "private": "eyJlMmJmYjczMC1lY2FhLTExZTYtOGY4OC0zNDM2M2JjN2M0YzAiOnsiY3JlYXRlIjoxODAwMDAwMDAwMDAwLCJkZWxldGUiOjE4MDAwMDAwMDAwMDAsInJlYWQiOjMwMDAwMDAwMDAwMCwidXBkYXRlIjoxODAwMDAwMDAwMDAwfX0=",
          "dependencies": [
            "azurerm_network_interface.myNic",
            "azurerm_network_security_group.mySecGroup",
            "azurerm_public_ip.myPublicIp",
            "azurerm_resource_group.rg",
            "azurerm_subnet.mySubnet",
            "azurerm_virtual_network.myNet"
          ]
        },
        {
          "index_key": 2,
          "schema_version": 0,
          "attributes": {
            "id": "/subscriptions/dc8a2b8d-aa6a-4285-8fbb-38482bea3cb5/resourceGroups/kubernetes_rg_arratepayo/providers/Microsoft.Network/networkInterfaces/nic-worker01|/subscriptions/dc8a2b8d-aa6a-4285-8fbb-38482bea3cb5/resourceGroups/kubernetes_rg_arratepayo/providers/Microsoft.Network/networkSecurityGroups/secgroup-worker01",
            "network_interface_id": "/subscriptions/dc8a2b8d-aa6a-4285-8fbb-38482bea3cb5/resourceGroups/kubernetes_rg_arratepayo/providers/Microsoft.Network/networkInterfaces/nic-worker01",
            "network_security_group_id": "/subscriptions/dc8a2b8d-aa6a-4285-8fbb-38482bea3cb5/resourceGroups/kubernetes_rg_arratepayo/providers/Microsoft.Network/networkSecurityGroups/secgroup-worker01",
            "timeouts": null
          },
          "sensitive_attributes": [],
          "private": "eyJlMmJmYjczMC1lY2FhLTExZTYtOGY4OC0zNDM2M2JjN2M0YzAiOnsiY3JlYXRlIjoxODAwMDAwMDAwMDAwLCJkZWxldGUiOjE4MDAwMDAwMDAwMDAsInJlYWQiOjMwMDAwMDAwMDAwMCwidXBkYXRlIjoxODAwMDAwMDAwMDAwfX0=",
          "dependencies": [
            "azurerm_network_interface.myNic",
            "azurerm_network_security_group.mySecGroup",
            "azurerm_public_ip.myPublicIp",
            "azurerm_resource_group.rg",
            "azurerm_subnet.mySubnet",
            "azurerm_virtual_network.myNet"
          ]
        },
        {
          "index_key": 3,
          "schema_version": 0,
          "attributes": {
            "id": "/subscriptions/dc8a2b8d-aa6a-4285-8fbb-38482bea3cb5/resourceGroups/kubernetes_rg_arratepayo/providers/Microsoft.Network/networkInterfaces/nic-worker02|/subscriptions/dc8a2b8d-aa6a-4285-8fbb-38482bea3cb5/resourceGroups/kubernetes_rg_arratepayo/providers/Microsoft.Network/networkSecurityGroups/secgroup-worker02",
            "network_interface_id": "/subscriptions/dc8a2b8d-aa6a-4285-8fbb-38482bea3cb5/resourceGroups/kubernetes_rg_arratepayo/providers/Microsoft.Network/networkInterfaces/nic-worker02",
            "network_security_group_id": "/subscriptions/dc8a2b8d-aa6a-4285-8fbb-38482bea3cb5/resourceGroups/kubernetes_rg_arratepayo/providers/Microsoft.Network/networkSecurityGroups/secgroup-worker02",
            "timeouts": null
          },
          "sensitive_attributes": [],
          "private": "eyJlMmJmYjczMC1lY2FhLTExZTYtOGY4OC0zNDM2M2JjN2M0YzAiOnsiY3JlYXRlIjoxODAwMDAwMDAwMDAwLCJkZWxldGUiOjE4MDAwMDAwMDAwMDAsInJlYWQiOjMwMDAwMDAwMDAwMCwidXBkYXRlIjoxODAwMDAwMDAwMDAwfX0=",
          "dependencies": [
            "azurerm_network_interface.myNic",
            "azurerm_network_security_group.mySecGroup",
            "azurerm_public_ip.myPublicIp",
            "azurerm_resource_group.rg",
            "azurerm_subnet.mySubnet",
            "azurerm_virtual_network.myNet"
          ]
        }
      ]
    },
    {
      "mode": "managed",
      "type": "azurerm_network_security_group",
      "name": "mySecGroup",
      "provider": "provider[\"registry.terraform.io/hashicorp/azurerm\"]",
      "instances": [
        {
          "index_key": 0,
          "schema_version": 0,
          "attributes": {
            "id": "/subscriptions/dc8a2b8d-aa6a-4285-8fbb-38482bea3cb5/resourceGroups/kubernetes_rg_arratepayo/providers/Microsoft.Network/networkSecurityGroups/secgroup-master",
            "location": "westeurope",
            "name": "secgroup-master",
            "resource_group_name": "kubernetes_rg_arratepayo",
            "security_rule": [
              {
                "access": "Allow",
                "description": "",
                "destination_address_prefix": "*",
                "destination_address_prefixes": [],
                "destination_application_security_group_ids": [],
                "destination_port_range": "22",
                "destination_port_ranges": [],
                "direction": "Inbound",
                "name": "SSH",
                "priority": 1001,
                "protocol": "Tcp",
                "source_address_prefix": "*",
                "source_address_prefixes": [],
                "source_application_security_group_ids": [],
                "source_port_range": "*",
                "source_port_ranges": []
              }
            ],
            "tags": {
              "environment": "CP2"
            },
            "timeouts": null
          },
          "sensitive_attributes": [],
          "private": "eyJlMmJmYjczMC1lY2FhLTExZTYtOGY4OC0zNDM2M2JjN2M0YzAiOnsiY3JlYXRlIjoxODAwMDAwMDAwMDAwLCJkZWxldGUiOjE4MDAwMDAwMDAwMDAsInJlYWQiOjMwMDAwMDAwMDAwMCwidXBkYXRlIjoxODAwMDAwMDAwMDAwfX0=",
          "dependencies": [
            "azurerm_resource_group.rg"
          ]
        },
        {
          "index_key": 1,
          "schema_version": 0,
          "attributes": {
            "id": "/subscriptions/dc8a2b8d-aa6a-4285-8fbb-38482bea3cb5/resourceGroups/kubernetes_rg_arratepayo/providers/Microsoft.Network/networkSecurityGroups/secgroup-nfs",
            "location": "westeurope",
            "name": "secgroup-nfs",
            "resource_group_name": "kubernetes_rg_arratepayo",
            "security_rule": [
              {
                "access": "Allow",
                "description": "",
                "destination_address_prefix": "*",
                "destination_address_prefixes": [],
                "destination_application_security_group_ids": [],
                "destination_port_range": "22",
                "destination_port_ranges": [],
                "direction": "Inbound",
                "name": "SSH",
                "priority": 1001,
                "protocol": "Tcp",
                "source_address_prefix": "*",
                "source_address_prefixes": [],
                "source_application_security_group_ids": [],
                "source_port_range": "*",
                "source_port_ranges": []
              }
            ],
            "tags": {
              "environment": "CP2"
            },
            "timeouts": null
          },
          "sensitive_attributes": [],
          "private": "eyJlMmJmYjczMC1lY2FhLTExZTYtOGY4OC0zNDM2M2JjN2M0YzAiOnsiY3JlYXRlIjoxODAwMDAwMDAwMDAwLCJkZWxldGUiOjE4MDAwMDAwMDAwMDAsInJlYWQiOjMwMDAwMDAwMDAwMCwidXBkYXRlIjoxODAwMDAwMDAwMDAwfX0=",
          "dependencies": [
            "azurerm_resource_group.rg"
          ]
        },
        {
          "index_key": 2,
          "schema_version": 0,
          "attributes": {
            "id": "/subscriptions/dc8a2b8d-aa6a-4285-8fbb-38482bea3cb5/resourceGroups/kubernetes_rg_arratepayo/providers/Microsoft.Network/networkSecurityGroups/secgroup-worker01",
            "location": "westeurope",
            "name": "secgroup-worker01",
            "resource_group_name": "kubernetes_rg_arratepayo",
            "security_rule": [
              {
                "access": "Allow",
                "description": "",
                "destination_address_prefix": "*",
                "destination_address_prefixes": [],
                "destination_application_security_group_ids": [],
                "destination_port_range": "22",
                "destination_port_ranges": [],
                "direction": "Inbound",
                "name": "SSH",
                "priority": 1001,
                "protocol": "Tcp",
                "source_address_prefix": "*",
                "source_address_prefixes": [],
                "source_application_security_group_ids": [],
                "source_port_range": "*",
                "source_port_ranges": []
              }
            ],
            "tags": {
              "environment": "CP2"
            },
            "timeouts": null
          },
          "sensitive_attributes": [],
          "private": "eyJlMmJmYjczMC1lY2FhLTExZTYtOGY4OC0zNDM2M2JjN2M0YzAiOnsiY3JlYXRlIjoxODAwMDAwMDAwMDAwLCJkZWxldGUiOjE4MDAwMDAwMDAwMDAsInJlYWQiOjMwMDAwMDAwMDAwMCwidXBkYXRlIjoxODAwMDAwMDAwMDAwfX0=",
          "dependencies": [
            "azurerm_resource_group.rg"
          ]
        },
        {
          "index_key": 3,
          "schema_version": 0,
          "attributes": {
            "id": "/subscriptions/dc8a2b8d-aa6a-4285-8fbb-38482bea3cb5/resourceGroups/kubernetes_rg_arratepayo/providers/Microsoft.Network/networkSecurityGroups/secgroup-worker02",
            "location": "westeurope",
            "name": "secgroup-worker02",
            "resource_group_name": "kubernetes_rg_arratepayo",
            "security_rule": [
              {
                "access": "Allow",
                "description": "",
                "destination_address_prefix": "*",
                "destination_address_prefixes": [],
                "destination_application_security_group_ids": [],
                "destination_port_range": "22",
                "destination_port_ranges": [],
                "direction": "Inbound",
                "name": "SSH",
                "priority": 1001,
                "protocol": "Tcp",
                "source_address_prefix": "*",
                "source_address_prefixes": [],
                "source_application_security_group_ids": [],
                "source_port_range": "*",
                "source_port_ranges": []
              }
            ],
            "tags": {
              "environment": "CP2"
            },
            "timeouts": null
          },
          "sensitive_attributes": [],
          "private": "eyJlMmJmYjczMC1lY2FhLTExZTYtOGY4OC0zNDM2M2JjN2M0YzAiOnsiY3JlYXRlIjoxODAwMDAwMDAwMDAwLCJkZWxldGUiOjE4MDAwMDAwMDAwMDAsInJlYWQiOjMwMDAwMDAwMDAwMCwidXBkYXRlIjoxODAwMDAwMDAwMDAwfX0=",
          "dependencies": [
            "azurerm_resource_group.rg"
          ]
        }
      ]
    },
    {
      "mode": "managed",
      "type": "azurerm_public_ip",
      "name": "myPublicIp",
      "provider": "provider[\"registry.terraform.io/hashicorp/azurerm\"]",
      "instances": [
        {
          "index_key": 0,
          "schema_version": 0,
          "attributes": {
            "allocation_method": "Dynamic",
            "domain_name_label": null,
            "fqdn": null,
            "id": "/subscriptions/dc8a2b8d-aa6a-4285-8fbb-38482bea3cb5/resourceGroups/kubernetes_rg_arratepayo/providers/Microsoft.Network/publicIPAddresses/pubip-master",
            "idle_timeout_in_minutes": 4,
            "ip_address": "",
            "ip_version": "IPv4",
            "location": "westeurope",
            "name": "pubip-master",
            "public_ip_prefix_id": null,
            "resource_group_name": "kubernetes_rg_arratepayo",
            "reverse_fqdn": null,
            "sku": "Basic",
            "tags": {
              "environment": "CP2"
            },
            "timeouts": null,
            "zones": null
          },
          "sensitive_attributes": [],
          "private": "eyJlMmJmYjczMC1lY2FhLTExZTYtOGY4OC0zNDM2M2JjN2M0YzAiOnsiY3JlYXRlIjoxODAwMDAwMDAwMDAwLCJkZWxldGUiOjE4MDAwMDAwMDAwMDAsInJlYWQiOjMwMDAwMDAwMDAwMCwidXBkYXRlIjoxODAwMDAwMDAwMDAwfX0=",
          "dependencies": [
            "azurerm_resource_group.rg"
          ]
        },
        {
          "index_key": 1,
          "schema_version": 0,
          "attributes": {
            "allocation_method": "Dynamic",
            "domain_name_label": null,
            "fqdn": null,
            "id": "/subscriptions/dc8a2b8d-aa6a-4285-8fbb-38482bea3cb5/resourceGroups/kubernetes_rg_arratepayo/providers/Microsoft.Network/publicIPAddresses/pubip-nfs",
            "idle_timeout_in_minutes": 4,
            "ip_address": "",
            "ip_version": "IPv4",
            "location": "westeurope",
            "name": "pubip-nfs",
            "public_ip_prefix_id": null,
            "resource_group_name": "kubernetes_rg_arratepayo",
            "reverse_fqdn": null,
            "sku": "Basic",
            "tags": {
              "environment": "CP2"
            },
            "timeouts": null,
            "zones": null
          },
          "sensitive_attributes": [],
          "private": "eyJlMmJmYjczMC1lY2FhLTExZTYtOGY4OC0zNDM2M2JjN2M0YzAiOnsiY3JlYXRlIjoxODAwMDAwMDAwMDAwLCJkZWxldGUiOjE4MDAwMDAwMDAwMDAsInJlYWQiOjMwMDAwMDAwMDAwMCwidXBkYXRlIjoxODAwMDAwMDAwMDAwfX0=",
          "dependencies": [
            "azurerm_resource_group.rg"
          ]
        },
        {
          "index_key": 2,
          "schema_version": 0,
          "attributes": {
            "allocation_method": "Dynamic",
            "domain_name_label": null,
            "fqdn": null,
            "id": "/subscriptions/dc8a2b8d-aa6a-4285-8fbb-38482bea3cb5/resourceGroups/kubernetes_rg_arratepayo/providers/Microsoft.Network/publicIPAddresses/pubip-worker01",
            "idle_timeout_in_minutes": 4,
            "ip_address": "",
            "ip_version": "IPv4",
            "location": "westeurope",
            "name": "pubip-worker01",
            "public_ip_prefix_id": null,
            "resource_group_name": "kubernetes_rg_arratepayo",
            "reverse_fqdn": null,
            "sku": "Basic",
            "tags": {
              "environment": "CP2"
            },
            "timeouts": null,
            "zones": null
          },
          "sensitive_attributes": [],
          "private": "eyJlMmJmYjczMC1lY2FhLTExZTYtOGY4OC0zNDM2M2JjN2M0YzAiOnsiY3JlYXRlIjoxODAwMDAwMDAwMDAwLCJkZWxldGUiOjE4MDAwMDAwMDAwMDAsInJlYWQiOjMwMDAwMDAwMDAwMCwidXBkYXRlIjoxODAwMDAwMDAwMDAwfX0=",
          "dependencies": [
            "azurerm_resource_group.rg"
          ]
        },
        {
          "index_key": 3,
          "schema_version": 0,
          "attributes": {
            "allocation_method": "Dynamic",
            "domain_name_label": null,
            "fqdn": null,
            "id": "/subscriptions/dc8a2b8d-aa6a-4285-8fbb-38482bea3cb5/resourceGroups/kubernetes_rg_arratepayo/providers/Microsoft.Network/publicIPAddresses/pubip-worker02",
            "idle_timeout_in_minutes": 4,
            "ip_address": "",
            "ip_version": "IPv4",
            "location": "westeurope",
            "name": "pubip-worker02",
            "public_ip_prefix_id": null,
            "resource_group_name": "kubernetes_rg_arratepayo",
            "reverse_fqdn": null,
            "sku": "Basic",
            "tags": {
              "environment": "CP2"
            },
            "timeouts": null,
            "zones": null
          },
          "sensitive_attributes": [],
          "private": "eyJlMmJmYjczMC1lY2FhLTExZTYtOGY4OC0zNDM2M2JjN2M0YzAiOnsiY3JlYXRlIjoxODAwMDAwMDAwMDAwLCJkZWxldGUiOjE4MDAwMDAwMDAwMDAsInJlYWQiOjMwMDAwMDAwMDAwMCwidXBkYXRlIjoxODAwMDAwMDAwMDAwfX0=",
          "dependencies": [
            "azurerm_resource_group.rg"
          ]
        }
      ]
    },
    {
      "mode": "managed",
      "type": "azurerm_resource_group",
      "name": "rg",
      "provider": "provider[\"registry.terraform.io/hashicorp/azurerm\"]",
      "instances": [
        {
          "schema_version": 0,
          "attributes": {
            "id": "/subscriptions/dc8a2b8d-aa6a-4285-8fbb-38482bea3cb5/resourceGroups/kubernetes_rg_arratepayo",
            "location": "westeurope",
            "name": "kubernetes_rg_arratepayo",
            "tags": {
              "environment": "CP2"
            },
            "timeouts": null
          },
          "sensitive_attributes": [],
          "private": "eyJlMmJmYjczMC1lY2FhLTExZTYtOGY4OC0zNDM2M2JjN2M0YzAiOnsiY3JlYXRlIjo1NDAwMDAwMDAwMDAwLCJkZWxldGUiOjU0MDAwMDAwMDAwMDAsInJlYWQiOjMwMDAwMDAwMDAwMCwidXBkYXRlIjo1NDAwMDAwMDAwMDAwfX0="
        }
      ]
    },
    {
      "mode": "managed",
      "type": "azurerm_storage_account",
      "name": "stAccount",
      "provider": "provider[\"registry.terraform.io/hashicorp/azurerm\"]",
      "instances": [
        {
          "schema_version": 2,
          "attributes": {
            "access_tier": "Hot",
            "account_kind": "StorageV2",
            "account_replication_type": "LRS",
            "account_tier": "Standard",
            "allow_blob_public_access": false,
            "blob_properties": [],
            "custom_domain": [],
            "enable_https_traffic_only": true,
            "id": "/subscriptions/dc8a2b8d-aa6a-4285-8fbb-38482bea3cb5/resourceGroups/kubernetes_rg_arratepayo/providers/Microsoft.Storage/storageAccounts/staccountcp2arratepayo",
            "identity": [],
            "is_hns_enabled": false,
            "large_file_share_enabled": null,
            "location": "westeurope",
            "min_tls_version": "TLS1_0",
            "name": "staccountcp2arratepayo",
            "network_rules": [
              {
                "bypass": [
                  "AzureServices"
                ],
                "default_action": "Allow",
                "ip_rules": [],
                "virtual_network_subnet_ids": []
              }
            ],
            "primary_access_key": "eJSfEMeCg/xtU3oqOhmnFnmz90sqaE6/pao/XzUPS9/20oXBQv4P2hH8mzTZMBvBpk0XXYlZUd6JxOf8Tyu3cw==",
            "primary_blob_connection_string": "DefaultEndpointsProtocol=https;BlobEndpoint=https://staccountcp2arratepayo.blob.core.windows.net/;AccountName=staccountcp2arratepayo;AccountKey=eJSfEMeCg/xtU3oqOhmnFnmz90sqaE6/pao/XzUPS9/20oXBQv4P2hH8mzTZMBvBpk0XXYlZUd6JxOf8Tyu3cw==",
            "primary_blob_endpoint": "https://staccountcp2arratepayo.blob.core.windows.net/",
            "primary_blob_host": "staccountcp2arratepayo.blob.core.windows.net",
            "primary_connection_string": "DefaultEndpointsProtocol=https;AccountName=staccountcp2arratepayo;AccountKey=eJSfEMeCg/xtU3oqOhmnFnmz90sqaE6/pao/XzUPS9/20oXBQv4P2hH8mzTZMBvBpk0XXYlZUd6JxOf8Tyu3cw==;EndpointSuffix=core.windows.net",
            "primary_dfs_endpoint": "https://staccountcp2arratepayo.dfs.core.windows.net/",
            "primary_dfs_host": "staccountcp2arratepayo.dfs.core.windows.net",
            "primary_file_endpoint": "https://staccountcp2arratepayo.file.core.windows.net/",
            "primary_file_host": "staccountcp2arratepayo.file.core.windows.net",
            "primary_location": "westeurope",
            "primary_queue_endpoint": "https://staccountcp2arratepayo.queue.core.windows.net/",
            "primary_queue_host": "staccountcp2arratepayo.queue.core.windows.net",
            "primary_table_endpoint": "https://staccountcp2arratepayo.table.core.windows.net/",
            "primary_table_host": "staccountcp2arratepayo.table.core.windows.net",
            "primary_web_endpoint": "https://staccountcp2arratepayo.z6.web.core.windows.net/",
            "primary_web_host": "staccountcp2arratepayo.z6.web.core.windows.net",
            "queue_properties": [
              {
                "cors_rule": [],
                "hour_metrics": [
                  {
                    "enabled": true,
                    "include_apis": true,
                    "retention_policy_days": 7,
                    "version": "1.0"
                  }
                ],
                "logging": [
                  {
                    "delete": false,
                    "read": false,
                    "retention_policy_days": 0,
                    "version": "1.0",
                    "write": false
                  }
                ],
                "minute_metrics": [
                  {
                    "enabled": false,
                    "include_apis": false,
                    "retention_policy_days": 0,
                    "version": "1.0"
                  }
                ]
              }
            ],
            "resource_group_name": "kubernetes_rg_arratepayo",
            "secondary_access_key": "/gFdpiD0S3+gPklw0W7DO8dKaxYPPTve7Ghh9eGZUcFYKN31rqMOQB4JwDmlcMsHdiSyEHtGKlwICo9K+z2rZQ==",
            "secondary_blob_connection_string": "",
            "secondary_blob_endpoint": null,
            "secondary_blob_host": null,
            "secondary_connection_string": "DefaultEndpointsProtocol=https;AccountName=staccountcp2arratepayo;AccountKey=/gFdpiD0S3+gPklw0W7DO8dKaxYPPTve7Ghh9eGZUcFYKN31rqMOQB4JwDmlcMsHdiSyEHtGKlwICo9K+z2rZQ==;EndpointSuffix=core.windows.net",
            "secondary_dfs_endpoint": null,
            "secondary_dfs_host": null,
            "secondary_file_endpoint": null,
            "secondary_file_host": null,
            "secondary_location": "",
            "secondary_queue_endpoint": null,
            "secondary_queue_host": null,
            "secondary_table_endpoint": null,
            "secondary_table_host": null,
            "secondary_web_endpoint": null,
            "secondary_web_host": null,
            "static_website": [],
            "tags": {
              "environment": "CP2"
            },
            "timeouts": null
          },
          "sensitive_attributes": [],
          "private": "eyJlMmJmYjczMC1lY2FhLTExZTYtOGY4OC0zNDM2M2JjN2M0YzAiOnsiY3JlYXRlIjozNjAwMDAwMDAwMDAwLCJkZWxldGUiOjM2MDAwMDAwMDAwMDAsInJlYWQiOjMwMDAwMDAwMDAwMCwidXBkYXRlIjozNjAwMDAwMDAwMDAwfSwic2NoZW1hX3ZlcnNpb24iOiIyIn0=",
          "dependencies": [
            "azurerm_resource_group.rg"
          ]
        }
      ]
    },
    {
      "mode": "managed",
      "type": "azurerm_subnet",
      "name": "mySubnet",
      "provider": "provider[\"registry.terraform.io/hashicorp/azurerm\"]",
      "instances": [
        {
          "schema_version": 0,
          "attributes": {
            "address_prefix": "10.0.1.0/24",
            "address_prefixes": [
              "10.0.1.0/24"
            ],
            "delegation": [],
            "enforce_private_link_endpoint_network_policies": false,
            "enforce_private_link_service_network_policies": false,
            "id": "/subscriptions/dc8a2b8d-aa6a-4285-8fbb-38482bea3cb5/resourceGroups/kubernetes_rg_arratepayo/providers/Microsoft.Network/virtualNetworks/kubernetesnet/subnets/terraformsubnet",
            "name": "terraformsubnet",
            "resource_group_name": "kubernetes_rg_arratepayo",
            "service_endpoint_policy_ids": null,
            "service_endpoints": null,
            "timeouts": null,
            "virtual_network_name": "kubernetesnet"
          },
          "sensitive_attributes": [],
          "private": "eyJlMmJmYjczMC1lY2FhLTExZTYtOGY4OC0zNDM2M2JjN2M0YzAiOnsiY3JlYXRlIjoxODAwMDAwMDAwMDAwLCJkZWxldGUiOjE4MDAwMDAwMDAwMDAsInJlYWQiOjMwMDAwMDAwMDAwMCwidXBkYXRlIjoxODAwMDAwMDAwMDAwfX0=",
          "dependencies": [
            "azurerm_resource_group.rg",
            "azurerm_virtual_network.myNet"
          ]
        }
      ]
    },
    {
      "mode": "managed",
      "type": "azurerm_virtual_network",
      "name": "myNet",
      "provider": "provider[\"registry.terraform.io/hashicorp/azurerm\"]",
      "instances": [
        {
          "schema_version": 0,
          "attributes": {
            "address_space": [
              "10.0.0.0/16"
            ],
            "bgp_community": "",
            "ddos_protection_plan": [],
            "dns_servers": null,
            "guid": "87ee8876-3fb7-423b-b014-92e42d36d304",
            "id": "/subscriptions/dc8a2b8d-aa6a-4285-8fbb-38482bea3cb5/resourceGroups/kubernetes_rg_arratepayo/providers/Microsoft.Network/virtualNetworks/kubernetesnet",
            "location": "westeurope",
            "name": "kubernetesnet",
            "resource_group_name": "kubernetes_rg_arratepayo",
            "subnet": [],
            "tags": {
              "environment": "CP2"
            },
            "timeouts": null,
            "vm_protection_enabled": false
          },
          "sensitive_attributes": [],
          "private": "eyJlMmJmYjczMC1lY2FhLTExZTYtOGY4OC0zNDM2M2JjN2M0YzAiOnsiY3JlYXRlIjoxODAwMDAwMDAwMDAwLCJkZWxldGUiOjE4MDAwMDAwMDAwMDAsInJlYWQiOjMwMDAwMDAwMDAwMCwidXBkYXRlIjoxODAwMDAwMDAwMDAwfX0=",
          "dependencies": [
            "azurerm_resource_group.rg"
          ]
        }
      ]
    }
  ]
}
